<?xml version="1.0" encoding="utf-8"?>
<Project ToolsVersion="4.0" xmlns="http://schemas.microsoft.com/developer/msbuild/2003">
  <ItemGroup>
    <Filter Include="Source Files">
      <UniqueIdentifier>{4FC737F1-C7A5-4376-A066-2A32D752A2FF}</UniqueIdentifier>
      <Extensions>cpp;c;cc;cxx;def;odl;idl;hpj;bat;asm;asmx</Extensions>
    </Filter>
    <Filter Include="Header Files">
      <UniqueIdentifier>{93995380-89BD-4b04-88EB-625FBE52EBFB}</UniqueIdentifier>
      <Extensions>h;hh;hpp;hxx;hm;inl;inc;xsd</Extensions>
    </Filter>
    <Filter Include="Resource Files">
      <UniqueIdentifier>{67DA6AB6-F800-4c08-8B7A-83BB121AAD01}</UniqueIdentifier>
      <Extensions>rc;ico;cur;bmp;dlg;rc2;rct;bin;rgs;gif;jpg;jpeg;jpe;resx;tiff;tif;png;wav;mfcribbon-ms</Extensions>
    </Filter>
  </ItemGroup>
  <ItemGroup>
    <Text Include="ReadMe.txt" />
  </ItemGroup>
  <ItemGroup>
    <ClCompile Include="source\CG_Demo.cpp">
      <Filter>Source Files</Filter>
    </ClCompile>
    <ClCompile Include="source\cFoot.cpp">
      <Filter>Source Files</Filter>
    </ClCompile>
    <ClCompile Include="source\knee.cpp">
      <Filter>Source Files</Filter>
    </ClCompile>
    <ClCompile Include="source\thigh.cpp">
      <Filter>Source Files</Filter>
    </ClCompile>
    <ClCompile Include="source\Leg.cpp">
      <Filter>Source Files</Filter>
    </ClCompile>
    <ClCompile Include="source\union.cpp">
      <Filter>Source Files</Filter>
    </ClCompile>
    <ClCompile Include="source\head.cpp">
      <Filter>Source Files</Filter>
    </ClCompile>
    <ClCompile Include="source\Gun.cpp">
      <Filter>Source Files</Filter>
    </ClCompile>
    <ClCompile Include="source\Ankle.cpp">
      <Filter>Source Files</Filter>
    </ClCompile>
    <ClCompile Include="source\calf.cpp">
      <Filter>Source Files</Filter>
    </ClCompile>
  </ItemGroup>
  <ItemGroup>
    <ClInclude Include="header\cFoot.h">
      <Filter>Header Files</Filter>
    </ClInclude>
    <ClInclude Include="header\cLeg.h">
      <Filter>Header Files</Filter>
    </ClInclude>
    <ClInclude Include="header\Ankle.h">
      <Filter>Header Files</Filter>
    </ClInclude>
    <ClInclude Include="header\Calf.h">
      <Filter>Header Files</Filter>
    </ClInclude>
    <ClInclude Include="header\Knee.h">
      <Filter>Header Files</Filter>
    </ClInclude>
    <ClInclude Include="header\Tigh.h">
      <Filter>Header Files</Filter>
    </ClInclude>
    <ClInclude Include="header\union.h">
      <Filter>Header Files</Filter>
    </ClInclude>
    <ClInclude Include="header\Head.h">
      <Filter>Header Files</Filter>
    </ClInclude>
    <ClInclude Include="header\Gun.h">
      <Filter>Header Files</Filter>
    </ClInclude>
  </ItemGroup>
</Project>